<?xml version="1.0" encoding="utf-8"?>
<Project ToolsVersion="4.0" xmlns="http://schemas.microsoft.com/developer/msbuild/2003">
  <ItemGroup>
    <ClCompile Include="Initialise.cpp">
      <Filter>Source Files</Filter>
    </ClCompile>
    <ClCompile Include="stdafx.cpp">
      <Filter>Source Files</Filter>
    </ClCompile>
    <ClCompile Include="DataUtil.cpp">
      <Filter>Source Files</Filter>
    </ClCompile>
    <ClCompile Include="Entities.cpp">
      <Filter>Source Files</Filter>
    </ClCompile>
    <ClCompile Include="Functions.cpp">
      <Filter>Source Files</Filter>
    </ClCompile>
    <ClCompile Include="LiveData.cpp">
      <Filter>Source Files</Filter>
    </ClCompile>
    <ClCompile Include="Parameter.cpp">
      <Filter>Source Files</Filter>
    </ClCompile>
    <ClCompile Include="Procedures.cpp">
      <Filter>Source Files</Filter>
    </ClCompile>
    <ClCompile Include="Repositories.cpp">
      <Filter>Source Files</Filter>
    </ClCompile>
    <ClCompile Include="Settings.cpp">
      <Filter>Source Files</Filter>
    </ClCompile>
    <ClCompile Include="FudgeMsgMap.cpp">
      <Filter>Source Files</Filter>
    </ClCompile>
    <ClCompile Include="StringUtil.cpp">
      <Filter>Source Files</Filter>
    </ClCompile>
    <ClCompile Include="..\..\..\target\generated-sources\com_opengamma_rstats_msg_DataInfo.c">
      <Filter>Source Files\Fudge</Filter>
    </ClCompile>
    <ClCompile Include="..\..\..\target\generated-sources\com_opengamma_rstats_msg_FunctionResult.c">
      <Filter>Source Files\Fudge</Filter>
    </ClCompile>
    <ClCompile Include="..\..\..\target\generated-sources\com_opengamma_rstats_msg_LiveDataResult.c">
      <Filter>Source Files\Fudge</Filter>
    </ClCompile>
    <ClCompile Include="..\..\..\target\generated-sources\com_opengamma_rstats_msg_ProcedureResult.c">
      <Filter>Source Files\Fudge</Filter>
    </ClCompile>
  </ItemGroup>
  <ItemGroup>
    <Filter Include="Header Files">
      <UniqueIdentifier>{4f0b2f49-ab8c-482f-bc3c-0c726cb61a0d}</UniqueIdentifier>
    </Filter>
    <Filter Include="Source Files">
      <UniqueIdentifier>{ada0da16-b00e-4e6c-8640-9c6fb882d30f}</UniqueIdentifier>
    </Filter>
    <Filter Include="Header Files\Fudge">
      <UniqueIdentifier>{c6b0b8f8-3111-4a0a-9da7-093ac9a3ccf6}</UniqueIdentifier>
    </Filter>
    <Filter Include="Source Files\Fudge">
      <UniqueIdentifier>{9e4665c9-0cfe-48ac-a0b7-021be24cccb8}</UniqueIdentifier>
    </Filter>
  </ItemGroup>
  <ItemGroup>
    <ClInclude Include="Connector.h">
      <Filter>Header Files</Filter>
    </ClInclude>
    <ClInclude Include="DataUtil.h">
      <Filter>Header Files</Filter>
    </ClInclude>
    <ClInclude Include="DllVersionInfo.h">
      <Filter>Header Files</Filter>
    </ClInclude>
    <ClInclude Include="Entities.h">
      <Filter>Header Files</Filter>
    </ClInclude>
    <ClInclude Include="Functions.h">
      <Filter>Header Files</Filter>
    </ClInclude>
    <ClInclude Include="Initialise.h">
      <Filter>Header Files</Filter>
    </ClInclude>
    <ClInclude Include="LiveData.h">
      <Filter>Header Files</Filter>
    </ClInclude>
    <ClInclude Include="Parameter.h">
      <Filter>Header Files</Filter>
    </ClInclude>
    <ClInclude Include="Procedures.h">
      <Filter>Header Files</Filter>
    </ClInclude>
    <ClInclude Include="Repositories.h">
      <Filter>Header Files</Filter>
    </ClInclude>
    <ClInclude Include="Settings.h">
      <Filter>Header Files</Filter>
    </ClInclude>
    <ClInclude Include="stdafx.h">
      <Filter>Header Files</Filter>
    </ClInclude>
    <ClInclude Include="FudgeMsgMap.h">
      <Filter>Source Files</Filter>
    </ClInclude>
    <ClInclude Include="..\..\..\target\generated-sources\com_opengamma_rstats_msg_DataInfo.h">
      <Filter>Header Files\Fudge</Filter>
    </ClInclude>
    <ClInclude Include="..\..\..\target\generated-sources\com_opengamma_rstats_msg_FunctionResult.h">
      <Filter>Header Files\Fudge</Filter>
    </ClInclude>
    <ClInclude Include="..\..\..\target\generated-sources\com_opengamma_rstats_msg_LiveDataResult.h">
      <Filter>Header Files\Fudge</Filter>
    </ClInclude>
    <ClInclude Include="..\..\..\target\generated-sources\com_opengamma_rstats_msg_ProcedureResult.h">
      <Filter>Header Files\Fudge</Filter>
    </ClInclude>
  </ItemGroup>
</Project>