
Microsoft Visual Studio Solution File, Format Version 11.00
# Visual Studio 2010
Project("{8BC9CEB8-8B4A-11D0-8D11-00A0C91BC942}") = "Client", "main\cpp\Client.vcxproj", "{0F633F45-6712-4086-AD05-180979822537}"
EndProject
Project("{8BC9CEB8-8B4A-11D0-8D11-00A0C91BC942}") = "ClientTest", "test\cpp\ClientTest.vcxproj", "{B5F3B391-4D6A-4E0E-B5C7-FC04CB0573F4}"
EndProject
Global
	GlobalSection(SolutionConfigurationPlatforms) = preSolution
		Debug|Win32 = Debug|Win32
		Release|Win32 = Release|Win32
	EndGlobalSection
	GlobalSection(ProjectConfigurationPlatforms) = postSolution
		{0F633F45-6712-4086-AD05-180979822537}.Debug|Win32.ActiveCfg = Debug|Win32
		{0F633F45-6712-4086-AD05-180979822537}.Debug|Win32.Build.0 = Debug|Win32
		{0F633F45-6712-4086-AD05-180979822537}.Release|Win32.ActiveCfg = Release|Win32
		{0F633F45-6712-4086-AD05-180979822537}.Release|Win32.Build.0 = Release|Win32
		{B5F3B391-4D6A-4E0E-B5C7-FC04CB0573F4}.Debug|Win32.ActiveCfg = Debug|Win32
		{B5F3B391-4D6A-4E0E-B5C7-FC04CB0573F4}.Debug|Win32.Build.0 = Debug|Win32
		{B5F3B391-4D6A-4E0E-B5C7-FC04CB0573F4}.Release|Win32.ActiveCfg = Release|Win32
		{B5F3B391-4D6A-4E0E-B5C7-FC04CB0573F4}.Release|Win32.Build.0 = Release|Win32
	EndGlobalSection
	GlobalSection(SolutionProperties) = preSolution
		HideSolutionNode = FALSE
	EndGlobalSection
EndGlobal
